
Microsoft Visual Studio Solution File, Format Version 12.00
# Visual Studio Version 16
VisualStudioVersion = 16.0.30413.136
MinimumVisualStudioVersion = 10.0.40219.1
Project("{FAE04EC0-301F-11D3-BF4B-00C04F79EFBC}") = "Carousel.Android", "Carousel\Carousel.Android\Carousel.Android.csproj", "{297095C3-00B1-45A1-A456-F50B2454B4C6}"
EndProject
Project("{FAE04EC0-301F-11D3-BF4B-00C04F79EFBC}") = "Carousel", "Carousel\Carousel\Carousel.csproj", "{B7B92317-BD53-4555-9EF8-EAA4044E96B7}"
EndProject
Global
	GlobalSection(SolutionConfigurationPlatforms) = preSolution
		Debug|Any CPU = Debug|Any CPU
		Release|Any CPU = Release|Any CPU
	EndGlobalSection
	GlobalSection(ProjectConfigurationPlatforms) = postSolution
		{297095C3-00B1-45A1-A456-F50B2454B4C6}.Debug|Any CPU.ActiveCfg = Debug|Any CPU
		{297095C3-00B1-45A1-A456-F50B2454B4C6}.Debug|Any CPU.Build.0 = Debug|Any CPU
		{297095C3-00B1-45A1-A456-F50B2454B4C6}.Debug|Any CPU.Deploy.0 = Debug|Any CPU
		{297095C3-00B1-45A1-A456-F50B2454B4C6}.Release|Any CPU.ActiveCfg = Release|Any CPU
		{297095C3-00B1-45A1-A456-F50B2454B4C6}.Release|Any CPU.Build.0 = Release|Any CPU
		{297095C3-00B1-45A1-A456-F50B2454B4C6}.Release|Any CPU.Deploy.0 = Release|Any CPU
		{B7B92317-BD53-4555-9EF8-EAA4044E96B7}.Debug|Any CPU.ActiveCfg = Debug|Any CPU
		{B7B92317-BD53-4555-9EF8-EAA4044E96B7}.Debug|Any CPU.Build.0 = Debug|Any CPU
		{B7B92317-BD53-4555-9EF8-EAA4044E96B7}.Debug|Any CPU.Deploy.0 = Debug|Any CPU
		{B7B92317-BD53-4555-9EF8-EAA4044E96B7}.Release|Any CPU.ActiveCfg = Release|Any CPU
		{B7B92317-BD53-4555-9EF8-EAA4044E96B7}.Release|Any CPU.Build.0 = Release|Any CPU
		{B7B92317-BD53-4555-9EF8-EAA4044E96B7}.Release|Any CPU.Deploy.0 = Release|Any CPU
	EndGlobalSection
	GlobalSection(SolutionProperties) = preSolution
		HideSolutionNode = FALSE
	EndGlobalSection
	GlobalSection(ExtensibilityGlobals) = postSolution
		SolutionGuid = {D1AC6DEA-FEB3-4513-AFAF-CA820088CCCB}
	EndGlobalSection
EndGlobal
